
Microsoft Visual Studio Solution File, Format Version 12.00
# Visual Studio 15
VisualStudioVersion = 15.0.26430.13
MinimumVisualStudioVersion = 10.0.40219.1
Project("{FAE04EC0-301F-11D3-BF4B-00C04F79EFBC}") = "ClassLibrary2", "ClassLibrary2\ClassLibrary2.csproj", "{86031CC6-DC5F-4074-84B7-7DD971AD3A76}"
EndProject
Project("{FAE04EC0-301F-11D3-BF4B-00C04F79EFBC}") = "UnitTestProject1", "UnitTestProject1\UnitTestProject1.csproj", "{74442BD3-0A8D-4F5C-852E-0E405632C007}"
EndProject
Project("{2150E333-8FDC-42A3-9474-1A3956D46DE8}") = "Solution Items", "Solution Items", "{E87F38F6-C27C-4ED6-929E-185F27325F59}"
	ProjectSection(SolutionItems) = preProject
		.gitattributes = .gitattributes
		.gitignore = .gitignore
		readme.md = readme.md
	EndProjectSection
EndProject
Global
	GlobalSection(SolutionConfigurationPlatforms) = preSolution
		Debug|Any CPU = Debug|Any CPU
		Debug|x64 = Debug|x64
		Release|Any CPU = Release|Any CPU
		Release|x64 = Release|x64
	EndGlobalSection
	GlobalSection(ProjectConfigurationPlatforms) = postSolution
		{86031CC6-DC5F-4074-84B7-7DD971AD3A76}.Debug|Any CPU.ActiveCfg = Debug|Any CPU
		{86031CC6-DC5F-4074-84B7-7DD971AD3A76}.Debug|Any CPU.Build.0 = Debug|Any CPU
		{86031CC6-DC5F-4074-84B7-7DD971AD3A76}.Debug|x64.ActiveCfg = Debug|x64
		{86031CC6-DC5F-4074-84B7-7DD971AD3A76}.Debug|x64.Build.0 = Debug|x64
		{86031CC6-DC5F-4074-84B7-7DD971AD3A76}.Release|Any CPU.ActiveCfg = Release|Any CPU
		{86031CC6-DC5F-4074-84B7-7DD971AD3A76}.Release|Any CPU.Build.0 = Release|Any CPU
		{86031CC6-DC5F-4074-84B7-7DD971AD3A76}.Release|x64.ActiveCfg = Release|x64
		{86031CC6-DC5F-4074-84B7-7DD971AD3A76}.Release|x64.Build.0 = Release|x64
		{74442BD3-0A8D-4F5C-852E-0E405632C007}.Debug|Any CPU.ActiveCfg = Debug|Any CPU
		{74442BD3-0A8D-4F5C-852E-0E405632C007}.Debug|Any CPU.Build.0 = Debug|Any CPU
		{74442BD3-0A8D-4F5C-852E-0E405632C007}.Debug|x64.ActiveCfg = Debug|x64
		{74442BD3-0A8D-4F5C-852E-0E405632C007}.Debug|x64.Build.0 = Debug|x64
		{74442BD3-0A8D-4F5C-852E-0E405632C007}.Release|Any CPU.ActiveCfg = Release|Any CPU
		{74442BD3-0A8D-4F5C-852E-0E405632C007}.Release|Any CPU.Build.0 = Release|Any CPU
		{74442BD3-0A8D-4F5C-852E-0E405632C007}.Release|x64.ActiveCfg = Release|x64
		{74442BD3-0A8D-4F5C-852E-0E405632C007}.Release|x64.Build.0 = Release|x64
	EndGlobalSection
	GlobalSection(SolutionProperties) = preSolution
		HideSolutionNode = FALSE
	EndGlobalSection
	GlobalSection(ExtensibilityGlobals) = postSolution
		EnterpriseLibraryConfigurationToolBinariesPathV6 = packages\EnterpriseLibrary.TransientFaultHandling.6.0.1304.0\lib\portable-net45+win+wp8;packages\EnterpriseLibrary.TransientFaultHandling.Data.6.0.1304.1\lib\NET45
	EndGlobalSection
EndGlobal
